
Microsoft Visual Studio Solution File, Format Version 12.00
# Visual Studio Version 17
VisualStudioVersion = 17.11.35312.102
MinimumVisualStudioVersion = 10.0.40219.1
Project("{FAE04EC0-301F-11D3-BF4B-00C04F79EFBC}") = "Proje1", "Proje1\Proje1.csproj", "{2B4DDD38-8EAF-4923-9DF8-16345EB66BAC}"
EndProject
Global
	GlobalSection(SolutionConfigurationPlatforms) = preSolution
		Debug|Any CPU = Debug|Any CPU
		Release|Any CPU = Release|Any CPU
	EndGlobalSection
	GlobalSection(ProjectConfigurationPlatforms) = postSolution
		{2B4DDD38-8EAF-4923-9DF8-16345EB66BAC}.Debug|Any CPU.ActiveCfg = Debug|Any CPU
		{2B4DDD38-8EAF-4923-9DF8-16345EB66BAC}.Debug|Any CPU.Build.0 = Debug|Any CPU
		{2B4DDD38-8EAF-4923-9DF8-16345EB66BAC}.Release|Any CPU.ActiveCfg = Release|Any CPU
		{2B4DDD38-8EAF-4923-9DF8-16345EB66BAC}.Release|Any CPU.Build.0 = Release|Any CPU
	EndGlobalSection
	GlobalSection(SolutionProperties) = preSolution
		HideSolutionNode = FALSE
	EndGlobalSection
	GlobalSection(ExtensibilityGlobals) = postSolution
		SolutionGuid = {09646DE8-9B1D-47B6-BC46-16CC18CC15DF}
	EndGlobalSection
EndGlobal
